<?xml version="1.0" encoding="utf-8"?>
<Project ToolsVersion="4.0" xmlns="http://schemas.microsoft.com/developer/msbuild/2003">
  <ItemGroup>
    <Filter Include="Source Files">
      <UniqueIdentifier>{4FC737F1-C7A5-4376-A066-2A32D752A2FF}</UniqueIdentifier>
      <Extensions>cpp;c;cc;cxx;c++;cppm;ixx;def;odl;idl;hpj;bat;asm;asmx</Extensions>
    </Filter>
    <Filter Include="Header Files">
      <UniqueIdentifier>{93995380-89BD-4b04-88EB-625FBE52EBFB}</UniqueIdentifier>
      <Extensions>h;hh;hpp;hxx;h++;hm;inl;inc;ipp;xsd</Extensions>
    </Filter>
    <Filter Include="Resource Files">
      <UniqueIdentifier>{67DA6AB6-F800-4c08-8B7A-83BB121AAD01}</UniqueIdentifier>
      <Extensions>rc;ico;cur;bmp;dlg;rc2;rct;bin;rgs;gif;jpg;jpeg;jpe;resx;tiff;tif;png;wav;mfcribbon-ms</Extensions>
    </Filter>
    <Filter Include="Source Files\tests_libuvc">
      <UniqueIdentifier>{212dbe23-8c6b-4d9e-b680-1832827498d8}</UniqueIdentifier>
    </Filter>
    <Filter Include="Source Files\uvc">
      <UniqueIdentifier>{ed7e3eb9-7f8c-4bcf-9ed2-dda9ab26a99b}</UniqueIdentifier>
    </Filter>
    <Filter Include="Source Files\uvc\libuvc">
      <UniqueIdentifier>{365129d6-b0b3-4a4b-8078-16eec842904a}</UniqueIdentifier>
    </Filter>
    <Filter Include="Header Files\uvc">
      <UniqueIdentifier>{6a48bb16-96fc-48be-9062-3b08c2221064}</UniqueIdentifier>
    </Filter>
    <Filter Include="Header Files\uvc\libuvc">
      <UniqueIdentifier>{42f052d3-92f2-40fa-ada1-d4b00d09c850}</UniqueIdentifier>
    </Filter>
  </ItemGroup>
  <ItemGroup>
    <ClCompile Include="..\..\tests_libuvc\tests_libuvc_main.cpp">
      <Filter>Source Files\tests_libuvc</Filter>
    </ClCompile>
    <ClCompile Include="..\..\src\uvc\libuvc\src\ctrl.c">
      <Filter>Source Files\uvc\libuvc</Filter>
    </ClCompile>
    <ClCompile Include="..\..\src\uvc\libuvc\src\ctrl-gen.c">
      <Filter>Source Files\uvc\libuvc</Filter>
    </ClCompile>
    <ClCompile Include="..\..\src\uvc\libuvc\src\device.c">
      <Filter>Source Files\uvc\libuvc</Filter>
    </ClCompile>
    <ClCompile Include="..\..\src\uvc\libuvc\src\diag.c">
      <Filter>Source Files\uvc\libuvc</Filter>
    </ClCompile>
    <ClCompile Include="..\..\src\uvc\libuvc\src\example.c">
      <Filter>Source Files\uvc\libuvc</Filter>
    </ClCompile>
    <ClCompile Include="..\..\src\uvc\libuvc\src\frame.c">
      <Filter>Source Files\uvc\libuvc</Filter>
    </ClCompile>
    <ClCompile Include="..\..\src\uvc\libuvc\src\frame-mjpeg.c">
      <Filter>Source Files\uvc\libuvc</Filter>
    </ClCompile>
    <ClCompile Include="..\..\src\uvc\libuvc\src\init.c">
      <Filter>Source Files\uvc\libuvc</Filter>
    </ClCompile>
    <ClCompile Include="..\..\src\uvc\libuvc\src\misc.c">
      <Filter>Source Files\uvc\libuvc</Filter>
    </ClCompile>
    <ClCompile Include="..\..\src\uvc\libuvc\src\stream.c">
      <Filter>Source Files\uvc\libuvc</Filter>
    </ClCompile>
    <ClCompile Include="..\..\src\uvc\libuvc\src\test.c">
      <Filter>Source Files\uvc\libuvc</Filter>
    </ClCompile>
  </ItemGroup>
  <ItemGroup>
    <ClInclude Include="..\..\src\uvc\libuvc\include\utlist.h">
      <Filter>Header Files\uvc\libuvc</Filter>
    </ClInclude>
    <ClInclude Include="..\..\src\uvc\libuvc\include\libuvc\libuvc.h">
      <Filter>Header Files\uvc\libuvc</Filter>
    </ClInclude>
    <ClInclude Include="..\..\src\uvc\libuvc\include\libuvc\libuvc_internal.h">
      <Filter>Header Files\uvc\libuvc</Filter>
    </ClInclude>
  </ItemGroup>
  <ItemGroup>
    <None Include="..\..\src\uvc\libuvc\include\libuvc\libuvc_config.h.in">
      <Filter>Header Files\uvc\libuvc</Filter>
    </None>
  </ItemGroup>
</Project>