<?xml version="1.0" encoding="utf-8"?>
<Project ToolsVersion="4.0" xmlns="http://schemas.microsoft.com/developer/msbuild/2003">
  <ItemGroup>
    <Filter Include="Source Files">
      <UniqueIdentifier>{4FC737F1-C7A5-4376-A066-2A32D752A2FF}</UniqueIdentifier>
      <Extensions>cpp;c;cc;cxx;c++;cppm;ixx;def;odl;idl;hpj;bat;asm;asmx</Extensions>
    </Filter>
    <Filter Include="Header Files">
      <UniqueIdentifier>{93995380-89BD-4b04-88EB-625FBE52EBFB}</UniqueIdentifier>
      <Extensions>h;hh;hpp;hxx;h++;hm;inl;inc;ipp;xsd</Extensions>
    </Filter>
    <Filter Include="Resource Files">
      <UniqueIdentifier>{67DA6AB6-F800-4c08-8B7A-83BB121AAD01}</UniqueIdentifier>
      <Extensions>rc;ico;cur;bmp;dlg;rc2;rct;bin;rgs;gif;jpg;jpeg;jpe;resx;tiff;tif;png;wav;mfcribbon-ms</Extensions>
    </Filter>
    <Filter Include="Source Files\render_usb">
      <UniqueIdentifier>{046e28ef-7380-4dea-a29e-cf165034a34b}</UniqueIdentifier>
    </Filter>
    <Filter Include="Header Files\src">
      <UniqueIdentifier>{b48659cc-e24d-40e7-98fd-b3a8cd340355}</UniqueIdentifier>
    </Filter>
    <Filter Include="Header Files\src\util">
      <UniqueIdentifier>{3fcfa9e5-dbca-4746-a110-4308cc867400}</UniqueIdentifier>
    </Filter>
    <Filter Include="Header Files\src\simage">
      <UniqueIdentifier>{cf12b99d-2940-4e7f-840d-2e5d2ac7a03c}</UniqueIdentifier>
    </Filter>
    <Filter Include="Header Files\src\sdl">
      <UniqueIdentifier>{2300ea67-9d24-4a79-b7e9-d090f0e509a3}</UniqueIdentifier>
    </Filter>
    <Filter Include="Header Files\src\input">
      <UniqueIdentifier>{35b0922d-0e86-48a2-8a1e-1a747b73a6e1}</UniqueIdentifier>
    </Filter>
    <Filter Include="Header Files\src\resources">
      <UniqueIdentifier>{ee556c7b-2530-41b3-8f32-febc84478475}</UniqueIdentifier>
    </Filter>
    <Filter Include="Header Files\src\app">
      <UniqueIdentifier>{e0d295f8-e3e2-405a-86e9-6c4e5851d4ea}</UniqueIdentifier>
    </Filter>
    <Filter Include="Header Files\src\stb">
      <UniqueIdentifier>{612d6e45-5a78-41d9-a55a-71a5ba25bc55}</UniqueIdentifier>
    </Filter>
    <Filter Include="Header Files\render_usb">
      <UniqueIdentifier>{b6532726-f626-43bb-9620-8b7022b90763}</UniqueIdentifier>
    </Filter>
    <Filter Include="Source Files\src">
      <UniqueIdentifier>{8a04f02f-0afe-44be-95e1-ba7acf61b653}</UniqueIdentifier>
    </Filter>
    <Filter Include="Source Files\src\sdl">
      <UniqueIdentifier>{ae7997c9-a3d1-4a18-bed9-cf9aa0fd6aa3}</UniqueIdentifier>
    </Filter>
    <Filter Include="Source Files\src\simage">
      <UniqueIdentifier>{87a3524f-468c-40e0-ac17-9ef3b3ce7db8}</UniqueIdentifier>
    </Filter>
    <Filter Include="Source Files\src\util">
      <UniqueIdentifier>{407f0b67-42e8-4de6-8b64-4486f30dbbe8}</UniqueIdentifier>
    </Filter>
    <Filter Include="Source Files\src\stb">
      <UniqueIdentifier>{65f3a9b2-e5ee-4479-93b1-aa1f2bc5a67d}</UniqueIdentifier>
    </Filter>
    <Filter Include="Source Files\src\opencv">
      <UniqueIdentifier>{1461c9f9-abea-4c58-abc7-b94b7df6c943}</UniqueIdentifier>
    </Filter>
  </ItemGroup>
  <ItemGroup>
    <ClCompile Include="..\..\render_usb\render_usb_main.cpp">
      <Filter>Source Files\render_usb</Filter>
    </ClCompile>
    <ClCompile Include="..\..\src\sdl\sdl_input.cpp">
      <Filter>Source Files\src\sdl</Filter>
    </ClCompile>
    <ClCompile Include="..\..\src\sdl\sdl_render_run.cpp">
      <Filter>Source Files\src\sdl</Filter>
    </ClCompile>
    <ClCompile Include="..\..\src\simage\simage.cpp">
      <Filter>Source Files\src\simage</Filter>
    </ClCompile>
    <ClCompile Include="..\..\src\simage\simage_platform.cpp">
      <Filter>Source Files\src\simage</Filter>
    </ClCompile>
    <ClCompile Include="..\..\src\util\execute.cpp">
      <Filter>Source Files\src\util</Filter>
    </ClCompile>
    <ClCompile Include="..\..\src\util\memory_buffer.cpp">
      <Filter>Source Files\src\util</Filter>
    </ClCompile>
    <ClCompile Include="..\..\src\stb\stb_simage.cpp">
      <Filter>Source Files\src\stb</Filter>
    </ClCompile>
    <ClCompile Include="..\..\src\opencv\opencv_simage.cpp">
      <Filter>Source Files\src\opencv</Filter>
    </ClCompile>
  </ItemGroup>
  <ItemGroup>
    <ClInclude Include="..\..\src\defines.hpp">
      <Filter>Header Files\src</Filter>
    </ClInclude>
    <ClInclude Include="..\..\src\util\color_space.hpp">
      <Filter>Header Files\src\util</Filter>
    </ClInclude>
    <ClInclude Include="..\..\src\util\execute.hpp">
      <Filter>Header Files\src\util</Filter>
    </ClInclude>
    <ClInclude Include="..\..\src\util\memory_buffer.hpp">
      <Filter>Header Files\src\util</Filter>
    </ClInclude>
    <ClInclude Include="..\..\src\util\stopwatch.hpp">
      <Filter>Header Files\src\util</Filter>
    </ClInclude>
    <ClInclude Include="..\..\src\simage\simage.hpp">
      <Filter>Header Files\src\simage</Filter>
    </ClInclude>
    <ClInclude Include="..\..\src\simage\simage_platform.hpp">
      <Filter>Header Files\src\simage</Filter>
    </ClInclude>
    <ClInclude Include="..\..\src\sdl\sdl_include.hpp">
      <Filter>Header Files\src\sdl</Filter>
    </ClInclude>
    <ClInclude Include="..\..\src\input\input.hpp">
      <Filter>Header Files\src\input</Filter>
    </ClInclude>
    <ClInclude Include="..\..\src\input\input_state.hpp">
      <Filter>Header Files\src\input</Filter>
    </ClInclude>
    <ClInclude Include="..\..\src\resources\icon_64.h">
      <Filter>Header Files\src\resources</Filter>
    </ClInclude>
    <ClInclude Include="..\..\src\app\app.hpp">
      <Filter>Header Files\src\app</Filter>
    </ClInclude>
    <ClInclude Include="..\..\src\stb\stb_include.hpp">
      <Filter>Header Files\src\stb</Filter>
    </ClInclude>
  </ItemGroup>
</Project>