<?xml version="1.0" encoding="utf-8"?>
<Project ToolsVersion="4.0" xmlns="http://schemas.microsoft.com/developer/msbuild/2003">
  <ItemGroup>
    <Filter Include="Source Files">
      <UniqueIdentifier>{4FC737F1-C7A5-4376-A066-2A32D752A2FF}</UniqueIdentifier>
      <Extensions>cpp;c;cc;cxx;c++;cppm;ixx;def;odl;idl;hpj;bat;asm;asmx</Extensions>
    </Filter>
    <Filter Include="Header Files">
      <UniqueIdentifier>{93995380-89BD-4b04-88EB-625FBE52EBFB}</UniqueIdentifier>
      <Extensions>h;hh;hpp;hxx;h++;hm;inl;inc;ipp;xsd</Extensions>
    </Filter>
    <Filter Include="Resource Files">
      <UniqueIdentifier>{67DA6AB6-F800-4c08-8B7A-83BB121AAD01}</UniqueIdentifier>
      <Extensions>rc;ico;cur;bmp;dlg;rc2;rct;bin;rgs;gif;jpg;jpeg;jpe;resx;tiff;tif;png;wav;mfcribbon-ms</Extensions>
    </Filter>
    <Filter Include="Header Files\src">
      <UniqueIdentifier>{af8cfc34-d41f-4149-b23d-93cc2aafd2b5}</UniqueIdentifier>
    </Filter>
    <Filter Include="Header Files\src\util">
      <UniqueIdentifier>{6c82c082-e2a6-4fa1-aae7-94827e0b4974}</UniqueIdentifier>
    </Filter>
    <Filter Include="Header Files\src\simage">
      <UniqueIdentifier>{d51e9d98-1b2a-4d6c-b571-210b7a82bc49}</UniqueIdentifier>
    </Filter>
    <Filter Include="Header Files\src\sdl">
      <UniqueIdentifier>{6e35e46f-fa1d-4178-b229-63385489900e}</UniqueIdentifier>
    </Filter>
    <Filter Include="Header Files\src\input">
      <UniqueIdentifier>{f90819a6-e5ef-48f9-857d-84f4f946af41}</UniqueIdentifier>
    </Filter>
    <Filter Include="Source Files\tests_render">
      <UniqueIdentifier>{1638d0e8-0c6d-46cb-ba02-e548b103383c}</UniqueIdentifier>
    </Filter>
    <Filter Include="Source Files\src">
      <UniqueIdentifier>{f26f0ee6-342b-4081-95fd-eabbe236866f}</UniqueIdentifier>
    </Filter>
    <Filter Include="Source Files\src\sdl">
      <UniqueIdentifier>{12044d22-5807-4b88-8937-5c4d76321c5a}</UniqueIdentifier>
    </Filter>
    <Filter Include="Source Files\src\simage">
      <UniqueIdentifier>{ec7c5764-01f5-4b64-bc31-deab36678033}</UniqueIdentifier>
    </Filter>
    <Filter Include="Source Files\src\util">
      <UniqueIdentifier>{ed409038-5ca7-4cf0-9e91-cf0bf73f3486}</UniqueIdentifier>
    </Filter>
    <Filter Include="Header Files\tests_render">
      <UniqueIdentifier>{15ae6053-58db-4688-9d10-c627e20cd62f}</UniqueIdentifier>
    </Filter>
    <Filter Include="Source Files\src\app">
      <UniqueIdentifier>{e20c84c4-ffdf-4929-88f4-bc325145e4f2}</UniqueIdentifier>
    </Filter>
    <Filter Include="Header Files\src\resources">
      <UniqueIdentifier>{f8b68955-89c7-4321-bb64-8eab1681f86c}</UniqueIdentifier>
    </Filter>
    <Filter Include="Header Files\src\app">
      <UniqueIdentifier>{4b7adb42-9280-4c55-bd43-c7a533ad1074}</UniqueIdentifier>
    </Filter>
    <Filter Include="Source Files\src\stb">
      <UniqueIdentifier>{51272b74-d49f-4bbb-9dd1-d82ee4cb0270}</UniqueIdentifier>
    </Filter>
    <Filter Include="Header Files\src\stb">
      <UniqueIdentifier>{22914946-e554-4517-a5e5-7b376cfaeaa2}</UniqueIdentifier>
    </Filter>
    <Filter Include="Source Files\src\opencv">
      <UniqueIdentifier>{cea54a23-701a-406a-8958-3aa8b45dee25}</UniqueIdentifier>
    </Filter>
  </ItemGroup>
  <ItemGroup>
    <ClInclude Include="..\..\src\defines.hpp">
      <Filter>Header Files\src</Filter>
    </ClInclude>
    <ClInclude Include="..\..\src\simage\simage_platform.hpp">
      <Filter>Header Files\src\simage</Filter>
    </ClInclude>
    <ClInclude Include="..\..\src\util\execute.hpp">
      <Filter>Header Files\src\util</Filter>
    </ClInclude>
    <ClInclude Include="..\..\src\util\stopwatch.hpp">
      <Filter>Header Files\src\util</Filter>
    </ClInclude>
    <ClInclude Include="..\..\src\input\input.hpp">
      <Filter>Header Files\src\input</Filter>
    </ClInclude>
    <ClInclude Include="..\..\src\input\input_state.hpp">
      <Filter>Header Files\src\input</Filter>
    </ClInclude>
    <ClInclude Include="..\..\src\sdl\sdl_include.hpp">
      <Filter>Header Files\src\sdl</Filter>
    </ClInclude>
    <ClInclude Include="..\..\tests_render\tests_include.hpp">
      <Filter>Header Files\tests_render</Filter>
    </ClInclude>
    <ClInclude Include="..\..\src\app\app.hpp">
      <Filter>Header Files\src\app</Filter>
    </ClInclude>
    <ClInclude Include="..\..\tests_render\tests_def.hpp">
      <Filter>Header Files\tests_render</Filter>
    </ClInclude>
    <ClInclude Include="..\..\src\simage\simage.hpp">
      <Filter>Header Files\src\simage</Filter>
    </ClInclude>
    <ClInclude Include="..\..\src\resources\icon_64.h">
      <Filter>Header Files\src\resources</Filter>
    </ClInclude>
    <ClInclude Include="..\..\src\util\memory_buffer.hpp">
      <Filter>Header Files\src\util</Filter>
    </ClInclude>
    <ClInclude Include="..\..\src\util\color_space.hpp">
      <Filter>Header Files\src\util</Filter>
    </ClInclude>
    <ClInclude Include="..\..\src\stb\stb_include.hpp">
      <Filter>Header Files\src\stb</Filter>
    </ClInclude>
  </ItemGroup>
  <ItemGroup>
    <ClCompile Include="..\..\src\simage\simage_platform.cpp">
      <Filter>Source Files\src\simage</Filter>
    </ClCompile>
    <ClCompile Include="..\..\src\util\execute.cpp">
      <Filter>Source Files\src\util</Filter>
    </ClCompile>
    <ClCompile Include="..\..\src\sdl\sdl_render_run.cpp">
      <Filter>Source Files\src\sdl</Filter>
    </ClCompile>
    <ClCompile Include="..\..\src\sdl\sdl_input.cpp">
      <Filter>Source Files\src\sdl</Filter>
    </ClCompile>
    <ClCompile Include="..\..\tests_render\tests_render_main.cpp">
      <Filter>Source Files\tests_render</Filter>
    </ClCompile>
    <ClCompile Include="..\..\tests_render\fill_tests.cpp">
      <Filter>Source Files\tests_render</Filter>
    </ClCompile>
    <ClCompile Include="..\..\src\simage\simage.cpp">
      <Filter>Source Files\src\simage</Filter>
    </ClCompile>
    <ClCompile Include="..\..\tests_render\image_tests.cpp">
      <Filter>Source Files\tests_render</Filter>
    </ClCompile>
    <ClCompile Include="..\..\tests_render\histogram_tests.cpp">
      <Filter>Source Files\tests_render</Filter>
    </ClCompile>
    <ClCompile Include="..\..\src\util\memory_buffer.cpp">
      <Filter>Source Files\src\util</Filter>
    </ClCompile>
    <ClCompile Include="..\..\src\stb\stb_simage.cpp">
      <Filter>Source Files\src\stb</Filter>
    </ClCompile>
    <ClCompile Include="..\..\src\opencv\opencv_simage.cpp">
      <Filter>Source Files\src\opencv</Filter>
    </ClCompile>
    <ClCompile Include="..\..\tests_render\camera_tests.cpp">
      <Filter>Source Files\tests_render</Filter>
    </ClCompile>
  </ItemGroup>
</Project>