<?xml version="1.0" encoding="utf-8"?>
<Project ToolsVersion="4.0" xmlns="http://schemas.microsoft.com/developer/msbuild/2003">
  <ItemGroup>
    <Filter Include="Source Files">
      <UniqueIdentifier>{4FC737F1-C7A5-4376-A066-2A32D752A2FF}</UniqueIdentifier>
      <Extensions>cpp;c;cc;cxx;c++;cppm;ixx;def;odl;idl;hpj;bat;asm;asmx</Extensions>
    </Filter>
    <Filter Include="Header Files">
      <UniqueIdentifier>{93995380-89BD-4b04-88EB-625FBE52EBFB}</UniqueIdentifier>
      <Extensions>h;hh;hpp;hxx;h++;hm;inl;inc;ipp;xsd</Extensions>
    </Filter>
    <Filter Include="Resource Files">
      <UniqueIdentifier>{67DA6AB6-F800-4c08-8B7A-83BB121AAD01}</UniqueIdentifier>
      <Extensions>rc;ico;cur;bmp;dlg;rc2;rct;bin;rgs;gif;jpg;jpeg;jpe;resx;tiff;tif;png;wav;mfcribbon-ms</Extensions>
    </Filter>
    <Filter Include="Header Files\src">
      <UniqueIdentifier>{af8cfc34-d41f-4149-b23d-93cc2aafd2b5}</UniqueIdentifier>
    </Filter>
    <Filter Include="Header Files\src\util">
      <UniqueIdentifier>{6c82c082-e2a6-4fa1-aae7-94827e0b4974}</UniqueIdentifier>
    </Filter>
    <Filter Include="Header Files\src\simage">
      <UniqueIdentifier>{d51e9d98-1b2a-4d6c-b571-210b7a82bc49}</UniqueIdentifier>
    </Filter>
    <Filter Include="Source Files\simage">
      <UniqueIdentifier>{ec7c5764-01f5-4b64-bc31-deab36678033}</UniqueIdentifier>
    </Filter>
    <Filter Include="Source Files\util">
      <UniqueIdentifier>{ed409038-5ca7-4cf0-9e91-cf0bf73f3486}</UniqueIdentifier>
    </Filter>
    <Filter Include="Header Files\src\sdl">
      <UniqueIdentifier>{6e35e46f-fa1d-4178-b229-63385489900e}</UniqueIdentifier>
    </Filter>
    <Filter Include="Source Files\sdl">
      <UniqueIdentifier>{12044d22-5807-4b88-8937-5c4d76321c5a}</UniqueIdentifier>
    </Filter>
    <Filter Include="Header Files\src\input">
      <UniqueIdentifier>{f90819a6-e5ef-48f9-857d-84f4f946af41}</UniqueIdentifier>
    </Filter>
  </ItemGroup>
  <ItemGroup>
    <ClInclude Include="..\..\src\defines.hpp">
      <Filter>Header Files\src</Filter>
    </ClInclude>
    <ClInclude Include="..\..\src\simage\simage_platform.hpp">
      <Filter>Header Files\src\simage</Filter>
    </ClInclude>
    <ClInclude Include="..\..\src\util\execute.hpp">
      <Filter>Header Files\src\util</Filter>
    </ClInclude>
    <ClInclude Include="..\..\src\util\stopwatch.hpp">
      <Filter>Header Files\src\util</Filter>
    </ClInclude>
    <ClInclude Include="..\..\src\input\input.hpp">
      <Filter>Header Files\src\input</Filter>
    </ClInclude>
    <ClInclude Include="..\..\src\input\input_state.hpp">
      <Filter>Header Files\src\input</Filter>
    </ClInclude>
    <ClInclude Include="..\..\src\sdl\sdl_include.hpp">
      <Filter>Header Files\src\sdl</Filter>
    </ClInclude>
  </ItemGroup>
  <ItemGroup>
    <ClCompile Include="..\..\src\simage\simage_platform.cpp">
      <Filter>Source Files\simage</Filter>
    </ClCompile>
    <ClCompile Include="..\..\src\util\execute.cpp">
      <Filter>Source Files\util</Filter>
    </ClCompile>
    <ClCompile Include="..\..\src\sdl\sdl_run.cpp">
      <Filter>Source Files\sdl</Filter>
    </ClCompile>
    <ClCompile Include="..\..\src\sdl\sdl_input.cpp">
      <Filter>Source Files\sdl</Filter>
    </ClCompile>
  </ItemGroup>
</Project>